
Microsoft Visual Studio Solution File, Format Version 12.00
# Visual Studio Version 16
VisualStudioVersion = 16.0.30907.101
MinimumVisualStudioVersion = 10.0.40219.1
Project("{FAE04EC0-301F-11D3-BF4B-00C04F79EFBC}") = "militar-zones-and-districts-distribution", "militar-zones-and-districts-distribution\militar-zones-and-districts-distribution.csproj", "{03F2D9EC-F6A4-40A2-BCDC-3D8A6B66983D}"
EndProject
Global
	GlobalSection(SolutionConfigurationPlatforms) = preSolution
		Debug|Any CPU = Debug|Any CPU
		Release|Any CPU = Release|Any CPU
	EndGlobalSection
	GlobalSection(ProjectConfigurationPlatforms) = postSolution
		{03F2D9EC-F6A4-40A2-BCDC-3D8A6B66983D}.Debug|Any CPU.ActiveCfg = Debug|Any CPU
		{03F2D9EC-F6A4-40A2-BCDC-3D8A6B66983D}.Debug|Any CPU.Build.0 = Debug|Any CPU
		{03F2D9EC-F6A4-40A2-BCDC-3D8A6B66983D}.Release|Any CPU.ActiveCfg = Release|Any CPU
		{03F2D9EC-F6A4-40A2-BCDC-3D8A6B66983D}.Release|Any CPU.Build.0 = Release|Any CPU
	EndGlobalSection
	GlobalSection(SolutionProperties) = preSolution
		HideSolutionNode = FALSE
	EndGlobalSection
	GlobalSection(ExtensibilityGlobals) = postSolution
		SolutionGuid = {79B78DAB-4712-4CD7-83BD-7A25288E5778}
	EndGlobalSection
EndGlobal
